{
  "name": "mailer",
  "version": "1.0.0",
  "lockfileVersion": 2,
  "requires": true,
  "packages": {
    "": {
      "name": "mailer",
      "version": "1.0.0",
      "license": "ISC",
      "dependencies": {
        "node-cron": "^3.0.1",
        "nodemailer": "^6.4.8"
      }
    },
    "node_modules/node-cron": {
      "version": "3.0.1",
      "resolved": "https://registry.npmjs.org/node-cron/-/node-cron-3.0.1.tgz",
      "integrity": "sha512-RAWZTNn2M5KDIUV/389UX0EXsqvdFAwc9QwHQceh0Ga56dygqSRthqIjwpgZsoDspHGt2rkHdk9Z4RgfPMdALw==",
      "engines": {
        "node": ">=6.0.0"
      }
    },
    "node_modules/nodemailer": {
      "version": "6.7.7",
      "resolved": "https://registry.npmjs.org/nodemailer/-/nodemailer-6.7.7.tgz",
      "integrity": "sha512-pOLC/s+2I1EXuSqO5Wa34i3kXZG3gugDssH+ZNCevHad65tc8vQlCQpOLaUjopvkRQKm2Cki2aME7fEOPRy3bA==",
      "engines": {
        "node": ">=6.0.0"
      }
    }
  },
  "dependencies": {
    "node-cron": {
      "version": "3.0.1",
      "resolved": "https://registry.npmjs.org/node-cron/-/node-cron-3.0.1.tgz",
      "integrity": "sha512-RAWZTNn2M5KDIUV/389UX0EXsqvdFAwc9QwHQceh0Ga56dygqSRthqIjwpgZsoDspHGt2rkHdk9Z4RgfPMdALw=="
    },
    "nodemailer": {
      "version": "6.7.7",
      "resolved": "https://registry.npmjs.org/nodemailer/-/nodemailer-6.7.7.tgz",
      "integrity": "sha512-pOLC/s+2I1EXuSqO5Wa34i3kXZG3gugDssH+ZNCevHad65tc8vQlCQpOLaUjopvkRQKm2Cki2aME7fEOPRy3bA=="
    }
  }
}
